<?xml version="1.0" encoding="UTF-8" standalone="yes" ?>
<CodeBlocks_project_file>
	<FileVersion major="1" minor="6" />
	<Project>
		<Option title="Tetris" />
		<Option pch_mode="2" />
		<Option compiler="gcc" />
		<Build>
			<Target title="Debug">
				<Option output="bin/Debug/Tetris" prefix_auto="1" extension_auto="1" />
				<Option object_output="obj/Debug/" />
				<Option type="1" />
				<Option compiler="gcc" />
				<Compiler>
					<Add option="-g" />
					<Add directory="include" />
				</Compiler>
			</Target>
			<Target title="Release">
				<Option output="bin/Release/Tetris" prefix_auto="1" extension_auto="1" />
				<Option object_output="obj/Release/" />
				<Option type="1" />
				<Option compiler="gcc" />
				<Compiler>
					<Add option="-O2" />
					<Add directory="include" />
				</Compiler>
				<Linker>
					<Add option="-s" />
				</Linker>
			</Target>
		</Build>
		<Compiler>
			<Add option="-std=c++11" />
			<Add option="-Wall" />
		</Compiler>
		<Linker>
			<Add library="opengl32" />
			<Add library="glu32" />
			<Add library="glut32" />
		</Linker>
		<Unit filename="include/FigureColors.h" />
		<Unit filename="include/MatrixFigure.h" />
		<Unit filename="include/MatrixFigureCube.h" />
		<Unit filename="include/MatrixFigureFactory.h" />
		<Unit filename="include/MatrixFigureMoveFacade.h" />
		<Unit filename="include/MatrixFigureT.h" />
		<Unit filename="include/MatrixUnit.h" />
		<Unit filename="include/MovementType.h" />
		<Unit filename="include/MovementTypeMoveDown.h" />
		<Unit filename="include/MovementTypeMoveLeft.h" />
		<Unit filename="include/MovementTypeMoveRight.h" />
		<Unit filename="include/Moving.h" />
		<Unit filename="include/TetrisMatrix.h" />
		<Unit filename="include/TetrisVisual.h" />
		<Unit filename="include/TranslateMatrixToVisual.h" />
		<Unit filename="include/UnitVisual.h" />
		<Unit filename="main.cpp" />
		<Unit filename="src/FigureColors.cpp" />
		<Unit filename="src/MatrixFigure.cpp" />
		<Unit filename="src/MatrixFigureCube.cpp" />
		<Unit filename="src/MatrixFigureFactory.cpp" />
		<Unit filename="src/MatrixFigureMoveFacade.cpp" />
		<Unit filename="src/MatrixFigureT.cpp" />
		<Unit filename="src/MatrixUnit.cpp" />
		<Unit filename="src/MovementType.cpp" />
		<Unit filename="src/MovementTypeMoveDown.cpp" />
		<Unit filename="src/MovementTypeMoveLeft.cpp" />
		<Unit filename="src/MovementTypeMoveRight.cpp" />
		<Unit filename="src/Moving.cpp" />
		<Unit filename="src/TetrisMatrix.cpp" />
		<Unit filename="src/TetrisVisual.cpp" />
		<Unit filename="src/TranslateMatrixToVisual.cpp" />
		<Unit filename="src/UnitVisual.cpp" />
		<Extensions>
			<code_completion />
			<envvars />
			<debugger />
		</Extensions>
	</Project>
</CodeBlocks_project_file>
